// !$*UTF8*$!
{
	archiveVersion = 1;
	classes = {
	};
	objectVersion = 56;
	objects = {

/* Begin PBXBuildFile section */
		04718A282BAC748D00EF16AB /* ServerDetailView.swift in Sources */ = {isa = PBXBuildFile; fileRef = 04718A272BAC748D00EF16AB /* ServerDetailView.swift */; };
		ADF0A8182BA81C61007D3563 /* ZPanelApp.swift in Sources */ = {isa = PBXBuildFile; fileRef = ADF0A8172BA81C61007D3563 /* ZPanelApp.swift */; };
		ADF0A81A2BA81C61007D3563 /* ContentView.swift in Sources */ = {isa = PBXBuildFile; fileRef = ADF0A8192BA81C61007D3563 /* ContentView.swift */; };
		ADF0A81E2BA81C62007D3563 /* Assets.xcassets in Resources */ = {isa = PBXBuildFile; fileRef = ADF0A81D2BA81C62007D3563 /* Assets.xcassets */; };
		ADF0A8222BA81C62007D3563 /* Preview Assets.xcassets in Resources */ = {isa = PBXBuildFile; fileRef = ADF0A8212BA81C62007D3563 /* Preview Assets.xcassets */; };
		ADF0A82A2BA81D01007D3563 /* HomeView.swift in Sources */ = {isa = PBXBuildFile; fileRef = ADF0A8292BA81D01007D3563 /* HomeView.swift */; };
		ADF0A82C2BA81F8F007D3563 /* MainView.swift in Sources */ = {isa = PBXBuildFile; fileRef = ADF0A82B2BA81F8F007D3563 /* MainView.swift */; };
		ADF0A8322BA81FE3007D3563 /* TabBarModel.swift in Sources */ = {isa = PBXBuildFile; fileRef = ADF0A8302BA81FE3007D3563 /* TabBarModel.swift */; };
		ADF0A8332BA81FE4007D3563 /* TabBarView.swift in Sources */ = {isa = PBXBuildFile; fileRef = ADF0A8312BA81FE3007D3563 /* TabBarView.swift */; };
		ADF0A8352BA81FFB007D3563 /* SettingView.swift in Sources */ = {isa = PBXBuildFile; fileRef = ADF0A8342BA81FFB007D3563 /* SettingView.swift */; };
		ADF0A8372BA82018007D3563 /* ServerView.swift in Sources */ = {isa = PBXBuildFile; fileRef = ADF0A8362BA82018007D3563 /* ServerView.swift */; };
		ADF0A8392BA82246007D3563 /* NavigationBar.swift in Sources */ = {isa = PBXBuildFile; fileRef = ADF0A8382BA82246007D3563 /* NavigationBar.swift */; };
		ADF0A83C2BA82AD1007D3563 /* DashboardModel.swift in Sources */ = {isa = PBXBuildFile; fileRef = ADF0A83B2BA82AD1007D3563 /* DashboardModel.swift */; };
		ADF0A8422BB2ABD7007D3563 /* ServerDetailModel.swift in Sources */ = {isa = PBXBuildFile; fileRef = ADF0A8412BB2ABD7007D3563 /* ServerDetailModel.swift */; };
/* End PBXBuildFile section */

/* Begin PBXFileReference section */
		04718A272BAC748D00EF16AB /* ServerDetailView.swift */ = {isa = PBXFileReference; lastKnownFileType = sourcecode.swift; path = ServerDetailView.swift; sourceTree = "<group>"; };
		ADF0A8142BA81C61007D3563 /* ZPanel.app */ = {isa = PBXFileReference; explicitFileType = wrapper.application; includeInIndex = 0; path = ZPanel.app; sourceTree = BUILT_PRODUCTS_DIR; };
		ADF0A8172BA81C61007D3563 /* ZPanelApp.swift */ = {isa = PBXFileReference; lastKnownFileType = sourcecode.swift; path = ZPanelApp.swift; sourceTree = "<group>"; };
		ADF0A8192BA81C61007D3563 /* ContentView.swift */ = {isa = PBXFileReference; lastKnownFileType = sourcecode.swift; path = ContentView.swift; sourceTree = "<group>"; };
		ADF0A81D2BA81C62007D3563 /* Assets.xcassets */ = {isa = PBXFileReference; lastKnownFileType = folder.assetcatalog; path = Assets.xcassets; sourceTree = "<group>"; };
		ADF0A81F2BA81C62007D3563 /* ZPanel.entitlements */ = {isa = PBXFileReference; lastKnownFileType = text.plist.entitlements; path = ZPanel.entitlements; sourceTree = "<group>"; };
		ADF0A8212BA81C62007D3563 /* Preview Assets.xcassets */ = {isa = PBXFileReference; lastKnownFileType = folder.assetcatalog; path = "Preview Assets.xcassets"; sourceTree = "<group>"; };
		ADF0A8232BA81C62007D3563 /* Info.plist */ = {isa = PBXFileReference; lastKnownFileType = text.plist.xml; path = Info.plist; sourceTree = "<group>"; };
		ADF0A8292BA81D01007D3563 /* HomeView.swift */ = {isa = PBXFileReference; lastKnownFileType = sourcecode.swift; path = HomeView.swift; sourceTree = "<group>"; };
		ADF0A82B2BA81F8F007D3563 /* MainView.swift */ = {isa = PBXFileReference; lastKnownFileType = sourcecode.swift; path = MainView.swift; sourceTree = "<group>"; };
		ADF0A8302BA81FE3007D3563 /* TabBarModel.swift */ = {isa = PBXFileReference; fileEncoding = 4; lastKnownFileType = sourcecode.swift; path = TabBarModel.swift; sourceTree = "<group>"; };
		ADF0A8312BA81FE3007D3563 /* TabBarView.swift */ = {isa = PBXFileReference; fileEncoding = 4; lastKnownFileType = sourcecode.swift; path = TabBarView.swift; sourceTree = "<group>"; };
		ADF0A8342BA81FFB007D3563 /* SettingView.swift */ = {isa = PBXFileReference; lastKnownFileType = sourcecode.swift; path = SettingView.swift; sourceTree = "<group>"; };
		ADF0A8362BA82018007D3563 /* ServerView.swift */ = {isa = PBXFileReference; lastKnownFileType = sourcecode.swift; path = ServerView.swift; sourceTree = "<group>"; };
		ADF0A8382BA82246007D3563 /* NavigationBar.swift */ = {isa = PBXFileReference; lastKnownFileType = sourcecode.swift; path = NavigationBar.swift; sourceTree = "<group>"; };
		ADF0A83B2BA82AD1007D3563 /* DashboardModel.swift */ = {isa = PBXFileReference; lastKnownFileType = sourcecode.swift; path = DashboardModel.swift; sourceTree = "<group>"; };
		ADF0A8412BB2ABD7007D3563 /* ServerDetailModel.swift */ = {isa = PBXFileReference; lastKnownFileType = sourcecode.swift; path = ServerDetailModel.swift; sourceTree = "<group>"; };
/* End PBXFileReference section */

/* Begin PBXFrameworksBuildPhase section */
		ADF0A8112BA81C61007D3563 /* Frameworks */ = {
			isa = PBXFrameworksBuildPhase;
			buildActionMask = 2147483647;
			files = (
			);
			runOnlyForDeploymentPostprocessing = 0;
		};
/* End PBXFrameworksBuildPhase section */

/* Begin PBXGroup section */
		ADF0A80B2BA81C61007D3563 = {
			isa = PBXGroup;
			children = (
				ADF0A8162BA81C61007D3563 /* ZPanel */,
				ADF0A8152BA81C61007D3563 /* Products */,
			);
			sourceTree = "<group>";
		};
		ADF0A8152BA81C61007D3563 /* Products */ = {
			isa = PBXGroup;
			children = (
				ADF0A8142BA81C61007D3563 /* ZPanel.app */,
			);
			name = Products;
			sourceTree = "<group>";
		};
		ADF0A8162BA81C61007D3563 /* ZPanel */ = {
			isa = PBXGroup;
			children = (
				ADF0A8172BA81C61007D3563 /* ZPanelApp.swift */,
				ADF0A8192BA81C61007D3563 /* ContentView.swift */,
				ADF0A82B2BA81F8F007D3563 /* MainView.swift */,
				ADF0A82D2BA81FB5007D3563 /* View */,
				ADF0A83D2BA82AD5007D3563 /* Model */,
				ADF0A82F2BA81FE3007D3563 /* Tabbar */,
				ADF0A83A2BA8224A007D3563 /* Modifier */,
				ADF0A81D2BA81C62007D3563 /* Assets.xcassets */,
				ADF0A81F2BA81C62007D3563 /* ZPanel.entitlements */,
				ADF0A8232BA81C62007D3563 /* Info.plist */,
				ADF0A8202BA81C62007D3563 /* Preview Content */,
			);
			path = ZPanel;
			sourceTree = "<group>";
		};
		ADF0A8202BA81C62007D3563 /* Preview Content */ = {
			isa = PBXGroup;
			children = (
				ADF0A8212BA81C62007D3563 /* Preview Assets.xcassets */,
			);
			path = "Preview Content";
			sourceTree = "<group>";
		};
		ADF0A82D2BA81FB5007D3563 /* View */ = {
			isa = PBXGroup;
			children = (
				ADF0A82E2BA81FBD007D3563 /* Home */,
				ADF0A8342BA81FFB007D3563 /* SettingView.swift */,
				ADF0A83E2BAA8C04007D3563 /* Server */,
			);
			path = View;
			sourceTree = "<group>";
		};
		ADF0A82E2BA81FBD007D3563 /* Home */ = {
			isa = PBXGroup;
			children = (
				ADF0A8292BA81D01007D3563 /* HomeView.swift */,
			);
			path = Home;
			sourceTree = "<group>";
		};
		ADF0A82F2BA81FE3007D3563 /* Tabbar */ = {
			isa = PBXGroup;
			children = (
				ADF0A8302BA81FE3007D3563 /* TabBarModel.swift */,
				ADF0A8312BA81FE3007D3563 /* TabBarView.swift */,
			);
			path = Tabbar;
			sourceTree = "<group>";
		};
		ADF0A83A2BA8224A007D3563 /* Modifier */ = {
			isa = PBXGroup;
			children = (
				ADF0A8382BA82246007D3563 /* NavigationBar.swift */,
			);
			path = Modifier;
			sourceTree = "<group>";
		};
		ADF0A83D2BA82AD5007D3563 /* Model */ = {
			isa = PBXGroup;
			children = (
				ADF0A83B2BA82AD1007D3563 /* DashboardModel.swift */,
				ADF0A8412BB2ABD7007D3563 /* ServerDetailModel.swift */,
			);
			path = Model;
			sourceTree = "<group>";
		};
		ADF0A83E2BAA8C04007D3563 /* Server */ = {
			isa = PBXGroup;
			children = (
				ADF0A8362BA82018007D3563 /* ServerView.swift */,
				04718A272BAC748D00EF16AB /* ServerDetailView.swift */,
			);
			path = Server;
			sourceTree = "<group>";
		};
/* End PBXGroup section */

/* Begin PBXNativeTarget section */
		ADF0A8132BA81C61007D3563 /* ZPanel */ = {
			isa = PBXNativeTarget;
			buildConfigurationList = ADF0A8262BA81C62007D3563 /* Build configuration list for PBXNativeTarget "ZPanel" */;
			buildPhases = (
				ADF0A8102BA81C61007D3563 /* Sources */,
				ADF0A8112BA81C61007D3563 /* Frameworks */,
				ADF0A8122BA81C61007D3563 /* Resources */,
			);
			buildRules = (
			);
			dependencies = (
			);
			name = ZPanel;
			productName = ZPanel;
			productReference = ADF0A8142BA81C61007D3563 /* ZPanel.app */;
			productType = "com.apple.product-type.application";
		};
/* End PBXNativeTarget section */

/* Begin PBXProject section */
		ADF0A80C2BA81C61007D3563 /* Project object */ = {
			isa = PBXProject;
			attributes = {
				BuildIndependentTargetsInParallel = 1;
				LastSwiftUpdateCheck = 1510;
				LastUpgradeCheck = 1510;
				TargetAttributes = {
					ADF0A8132BA81C61007D3563 = {
						CreatedOnToolsVersion = 15.1;
					};
				};
			};
			buildConfigurationList = ADF0A80F2BA81C61007D3563 /* Build configuration list for PBXProject "ZPanel" */;
			compatibilityVersion = "Xcode 14.0";
			developmentRegion = en;
			hasScannedForEncodings = 0;
			knownRegions = (
				en,
				Base,
			);
			mainGroup = ADF0A80B2BA81C61007D3563;
			productRefGroup = ADF0A8152BA81C61007D3563 /* Products */;
			projectDirPath = "";
			projectRoot = "";
			targets = (
				ADF0A8132BA81C61007D3563 /* ZPanel */,
			);
		};
/* End PBXProject section */

/* Begin PBXResourcesBuildPhase section */
		ADF0A8122BA81C61007D3563 /* Resources */ = {
			isa = PBXResourcesBuildPhase;
			buildActionMask = 2147483647;
			files = (
				ADF0A8222BA81C62007D3563 /* Preview Assets.xcassets in Resources */,
				ADF0A81E2BA81C62007D3563 /* Assets.xcassets in Resources */,
			);
			runOnlyForDeploymentPostprocessing = 0;
		};
/* End PBXResourcesBuildPhase section */

/* Begin PBXSourcesBuildPhase section */
		ADF0A8102BA81C61007D3563 /* Sources */ = {
			isa = PBXSourcesBuildPhase;
			buildActionMask = 2147483647;
			files = (
				ADF0A83C2BA82AD1007D3563 /* DashboardModel.swift in Sources */,
				ADF0A8422BB2ABD7007D3563 /* ServerDetailModel.swift in Sources */,
				ADF0A81A2BA81C61007D3563 /* ContentView.swift in Sources */,
				ADF0A8372BA82018007D3563 /* ServerView.swift in Sources */,
				ADF0A82A2BA81D01007D3563 /* HomeView.swift in Sources */,
				ADF0A82C2BA81F8F007D3563 /* MainView.swift in Sources */,
				ADF0A8352BA81FFB007D3563 /* SettingView.swift in Sources */,
				ADF0A8392BA82246007D3563 /* NavigationBar.swift in Sources */,
				ADF0A8182BA81C61007D3563 /* ZPanelApp.swift in Sources */,
				ADF0A8332BA81FE4007D3563 /* TabBarView.swift in Sources */,
				04718A282BAC748D00EF16AB /* ServerDetailView.swift in Sources */,
				ADF0A8322BA81FE3007D3563 /* TabBarModel.swift in Sources */,
			);
			runOnlyForDeploymentPostprocessing = 0;
		};
/* End PBXSourcesBuildPhase section */

/* Begin XCBuildConfiguration section */
		ADF0A8242BA81C62007D3563 /* Debug */ = {
			isa = XCBuildConfiguration;
			buildSettings = {
				ALWAYS_SEARCH_USER_PATHS = NO;
				ASSETCATALOG_COMPILER_GENERATE_SWIFT_ASSET_SYMBOL_EXTENSIONS = YES;
				CLANG_ANALYZER_NONNULL = YES;
				CLANG_ANALYZER_NUMBER_OBJECT_CONVERSION = YES_AGGRESSIVE;
				CLANG_CXX_LANGUAGE_STANDARD = "gnu++20";
				CLANG_ENABLE_MODULES = YES;
				CLANG_ENABLE_OBJC_ARC = YES;
				CLANG_ENABLE_OBJC_WEAK = YES;
				CLANG_WARN_BLOCK_CAPTURE_AUTORELEASING = YES;
				CLANG_WARN_BOOL_CONVERSION = YES;
				CLANG_WARN_COMMA = YES;
				CLANG_WARN_CONSTANT_CONVERSION = YES;
				CLANG_WARN_DEPRECATED_OBJC_IMPLEMENTATIONS = YES;
				CLANG_WARN_DIRECT_OBJC_ISA_USAGE = YES_ERROR;
				CLANG_WARN_DOCUMENTATION_COMMENTS = YES;
				CLANG_WARN_EMPTY_BODY = YES;
				CLANG_WARN_ENUM_CONVERSION = YES;
				CLANG_WARN_INFINITE_RECURSION = YES;
				CLANG_WARN_INT_CONVERSION = YES;
				CLANG_WARN_NON_LITERAL_NULL_CONVERSION = YES;
				CLANG_WARN_OBJC_IMPLICIT_RETAIN_SELF = YES;
				CLANG_WARN_OBJC_LITERAL_CONVERSION = YES;
				CLANG_WARN_OBJC_ROOT_CLASS = YES_ERROR;
				CLANG_WARN_QUOTED_INCLUDE_IN_FRAMEWORK_HEADER = YES;
				CLANG_WARN_RANGE_LOOP_ANALYSIS = YES;
				CLANG_WARN_STRICT_PROTOTYPES = YES;
				CLANG_WARN_SUSPICIOUS_MOVE = YES;
				CLANG_WARN_UNGUARDED_AVAILABILITY = YES_AGGRESSIVE;
				CLANG_WARN_UNREACHABLE_CODE = YES;
				CLANG_WARN__DUPLICATE_METHOD_MATCH = YES;
				COPY_PHASE_STRIP = NO;
				DEBUG_INFORMATION_FORMAT = dwarf;
				ENABLE_STRICT_OBJC_MSGSEND = YES;
				ENABLE_TESTABILITY = YES;
				ENABLE_USER_SCRIPT_SANDBOXING = YES;
				GCC_C_LANGUAGE_STANDARD = gnu17;
				GCC_DYNAMIC_NO_PIC = NO;
				GCC_NO_COMMON_BLOCKS = YES;
				GCC_OPTIMIZATION_LEVEL = 0;
				GCC_PREPROCESSOR_DEFINITIONS = (
					"DEBUG=1",
					"$(inherited)",
				);
				GCC_WARN_64_TO_32_BIT_CONVERSION = YES;
				GCC_WARN_ABOUT_RETURN_TYPE = YES_ERROR;
				GCC_WARN_UNDECLARED_SELECTOR = YES;
				GCC_WARN_UNINITIALIZED_AUTOS = YES_AGGRESSIVE;
				GCC_WARN_UNUSED_FUNCTION = YES;
				GCC_WARN_UNUSED_VARIABLE = YES;
				LOCALIZATION_PREFERS_STRING_CATALOGS = YES;
				MTL_ENABLE_DEBUG_INFO = INCLUDE_SOURCE;
				MTL_FAST_MATH = YES;
				ONLY_ACTIVE_ARCH = YES;
				SWIFT_ACTIVE_COMPILATION_CONDITIONS = "DEBUG $(inherited)";
				SWIFT_OPTIMIZATION_LEVEL = "-Onone";
			};
			name = Debug;
		};
		ADF0A8252BA81C62007D3563 /* Release */ = {
			isa = XCBuildConfiguration;
			buildSettings = {
				ALWAYS_SEARCH_USER_PATHS = NO;
				ASSETCATALOG_COMPILER_GENERATE_SWIFT_ASSET_SYMBOL_EXTENSIONS = YES;
				CLANG_ANALYZER_NONNULL = YES;
				CLANG_ANALYZER_NUMBER_OBJECT_CONVERSION = YES_AGGRESSIVE;
				CLANG_CXX_LANGUAGE_STANDARD = "gnu++20";
				CLANG_ENABLE_MODULES = YES;
				CLANG_ENABLE_OBJC_ARC = YES;
				CLANG_ENABLE_OBJC_WEAK = YES;
				CLANG_WARN_BLOCK_CAPTURE_AUTORELEASING = YES;
				CLANG_WARN_BOOL_CONVERSION = YES;
				CLANG_WARN_COMMA = YES;
				CLANG_WARN_CONSTANT_CONVERSION = YES;
				CLANG_WARN_DEPRECATED_OBJC_IMPLEMENTATIONS = YES;
				CLANG_WARN_DIRECT_OBJC_ISA_USAGE = YES_ERROR;
				CLANG_WARN_DOCUMENTATION_COMMENTS = YES;
				CLANG_WARN_EMPTY_BODY = YES;
				CLANG_WARN_ENUM_CONVERSION = YES;
				CLANG_WARN_INFINITE_RECURSION = YES;
				CLANG_WARN_INT_CONVERSION = YES;
				CLANG_WARN_NON_LITERAL_NULL_CONVERSION = YES;
				CLANG_WARN_OBJC_IMPLICIT_RETAIN_SELF = YES;
				CLANG_WARN_OBJC_LITERAL_CONVERSION = YES;
				CLANG_WARN_OBJC_ROOT_CLASS = YES_ERROR;
				CLANG_WARN_QUOTED_INCLUDE_IN_FRAMEWORK_HEADER = YES;
				CLANG_WARN_RANGE_LOOP_ANALYSIS = YES;
				CLANG_WARN_STRICT_PROTOTYPES = YES;
				CLANG_WARN_SUSPICIOUS_MOVE = YES;
				CLANG_WARN_UNGUARDED_AVAILABILITY = YES_AGGRESSIVE;
				CLANG_WARN_UNREACHABLE_CODE = YES;
				CLANG_WARN__DUPLICATE_METHOD_MATCH = YES;
				COPY_PHASE_STRIP = NO;
				DEBUG_INFORMATION_FORMAT = "dwarf-with-dsym";
				ENABLE_NS_ASSERTIONS = NO;
				ENABLE_STRICT_OBJC_MSGSEND = YES;
				ENABLE_USER_SCRIPT_SANDBOXING = YES;
				GCC_C_LANGUAGE_STANDARD = gnu17;
				GCC_NO_COMMON_BLOCKS = YES;
				GCC_WARN_64_TO_32_BIT_CONVERSION = YES;
				GCC_WARN_ABOUT_RETURN_TYPE = YES_ERROR;
				GCC_WARN_UNDECLARED_SELECTOR = YES;
				GCC_WARN_UNINITIALIZED_AUTOS = YES_AGGRESSIVE;
				GCC_WARN_UNUSED_FUNCTION = YES;
				GCC_WARN_UNUSED_VARIABLE = YES;
				LOCALIZATION_PREFERS_STRING_CATALOGS = YES;
				MTL_ENABLE_DEBUG_INFO = NO;
				MTL_FAST_MATH = YES;
				SWIFT_COMPILATION_MODE = wholemodule;
			};
			name = Release;
		};
		ADF0A8272BA81C62007D3563 /* Debug */ = {
			isa = XCBuildConfiguration;
			buildSettings = {
				ASSETCATALOG_COMPILER_APPICON_NAME = AppIcon;
				ASSETCATALOG_COMPILER_GLOBAL_ACCENT_COLOR_NAME = AccentColor;
				CODE_SIGN_ENTITLEMENTS = ZPanel/ZPanel.entitlements;
				CODE_SIGN_STYLE = Automatic;
				CURRENT_PROJECT_VERSION = 1;
				DEVELOPMENT_ASSET_PATHS = "\"ZPanel/Preview Content\"";
				DEVELOPMENT_TEAM = 89P6678L59;
				ENABLE_HARDENED_RUNTIME = YES;
				ENABLE_PREVIEWS = YES;
				GENERATE_INFOPLIST_FILE = YES;
				INFOPLIST_FILE = ZPanel/Info.plist;
				"INFOPLIST_KEY_UIApplicationSceneManifest_Generation[sdk=iphoneos*]" = YES;
				"INFOPLIST_KEY_UIApplicationSceneManifest_Generation[sdk=iphonesimulator*]" = YES;
				"INFOPLIST_KEY_UIApplicationSupportsIndirectInputEvents[sdk=iphoneos*]" = YES;
				"INFOPLIST_KEY_UIApplicationSupportsIndirectInputEvents[sdk=iphonesimulator*]" = YES;
				"INFOPLIST_KEY_UILaunchScreen_Generation[sdk=iphoneos*]" = YES;
				"INFOPLIST_KEY_UILaunchScreen_Generation[sdk=iphonesimulator*]" = YES;
				"INFOPLIST_KEY_UIStatusBarStyle[sdk=iphoneos*]" = UIStatusBarStyleDefault;
				"INFOPLIST_KEY_UIStatusBarStyle[sdk=iphonesimulator*]" = UIStatusBarStyleDefault;
				INFOPLIST_KEY_UISupportedInterfaceOrientations_iPad = "UIInterfaceOrientationPortrait UIInterfaceOrientationPortraitUpsideDown UIInterfaceOrientationLandscapeLeft UIInterfaceOrientationLandscapeRight";
				INFOPLIST_KEY_UISupportedInterfaceOrientations_iPhone = "UIInterfaceOrientationPortrait UIInterfaceOrientationLandscapeLeft UIInterfaceOrientationLandscapeRight";
				IPHONEOS_DEPLOYMENT_TARGET = 17.0;
				LD_RUNPATH_SEARCH_PATHS = "@executable_path/Frameworks";
				"LD_RUNPATH_SEARCH_PATHS[sdk=macosx*]" = "@executable_path/../Frameworks";
				MACOSX_DEPLOYMENT_TARGET = 14.0;
				MARKETING_VERSION = 1.0;
				PRODUCT_BUNDLE_IDENTIFIER = com.codeun.app.ZPanel;
				PRODUCT_NAME = "$(TARGET_NAME)";
				SDKROOT = auto;
				SUPPORTED_PLATFORMS = "iphoneos iphonesimulator macosx";
				SWIFT_EMIT_LOC_STRINGS = YES;
				SWIFT_VERSION = 5.0;
				TARGETED_DEVICE_FAMILY = "1,2";
			};
			name = Debug;
		};
		ADF0A8282BA81C62007D3563 /* Release */ = {
			isa = XCBuildConfiguration;
			buildSettings = {
				ASSETCATALOG_COMPILER_APPICON_NAME = AppIcon;
				ASSETCATALOG_COMPILER_GLOBAL_ACCENT_COLOR_NAME = AccentColor;
				CODE_SIGN_ENTITLEMENTS = ZPanel/ZPanel.entitlements;
				CODE_SIGN_STYLE = Automatic;
				CURRENT_PROJECT_VERSION = 1;
				DEVELOPMENT_ASSET_PATHS = "\"ZPanel/Preview Content\"";
				DEVELOPMENT_TEAM = 89P6678L59;
				ENABLE_HARDENED_RUNTIME = YES;
				ENABLE_PREVIEWS = YES;
				GENERATE_INFOPLIST_FILE = YES;
				INFOPLIST_FILE = ZPanel/Info.plist;
				"INFOPLIST_KEY_UIApplicationSceneManifest_Generation[sdk=iphoneos*]" = YES;
				"INFOPLIST_KEY_UIApplicationSceneManifest_Generation[sdk=iphonesimulator*]" = YES;
				"INFOPLIST_KEY_UIApplicationSupportsIndirectInputEvents[sdk=iphoneos*]" = YES;
				"INFOPLIST_KEY_UIApplicationSupportsIndirectInputEvents[sdk=iphonesimulator*]" = YES;
				"INFOPLIST_KEY_UILaunchScreen_Generation[sdk=iphoneos*]" = YES;
				"INFOPLIST_KEY_UILaunchScreen_Generation[sdk=iphonesimulator*]" = YES;
				"INFOPLIST_KEY_UIStatusBarStyle[sdk=iphoneos*]" = UIStatusBarStyleDefault;
				"INFOPLIST_KEY_UIStatusBarStyle[sdk=iphonesimulator*]" = UIStatusBarStyleDefault;
				INFOPLIST_KEY_UISupportedInterfaceOrientations_iPad = "UIInterfaceOrientationPortrait UIInterfaceOrientationPortraitUpsideDown UIInterfaceOrientationLandscapeLeft UIInterfaceOrientationLandscapeRight";
				INFOPLIST_KEY_UISupportedInterfaceOrientations_iPhone = "UIInterfaceOrientationPortrait UIInterfaceOrientationLandscapeLeft UIInterfaceOrientationLandscapeRight";
				IPHONEOS_DEPLOYMENT_TARGET = 17.0;
				LD_RUNPATH_SEARCH_PATHS = "@executable_path/Frameworks";
				"LD_RUNPATH_SEARCH_PATHS[sdk=macosx*]" = "@executable_path/../Frameworks";
				MACOSX_DEPLOYMENT_TARGET = 14.0;
				MARKETING_VERSION = 1.0;
				PRODUCT_BUNDLE_IDENTIFIER = com.codeun.app.ZPanel;
				PRODUCT_NAME = "$(TARGET_NAME)";
				SDKROOT = auto;
				SUPPORTED_PLATFORMS = "iphoneos iphonesimulator macosx";
				SWIFT_EMIT_LOC_STRINGS = YES;
				SWIFT_VERSION = 5.0;
				TARGETED_DEVICE_FAMILY = "1,2";
			};
			name = Release;
		};
/* End XCBuildConfiguration section */

/* Begin XCConfigurationList section */
		ADF0A80F2BA81C61007D3563 /* Build configuration list for PBXProject "ZPanel" */ = {
			isa = XCConfigurationList;
			buildConfigurations = (
				ADF0A8242BA81C62007D3563 /* Debug */,
				ADF0A8252BA81C62007D3563 /* Release */,
			);
			defaultConfigurationIsVisible = 0;
			defaultConfigurationName = Release;
		};
		ADF0A8262BA81C62007D3563 /* Build configuration list for PBXNativeTarget "ZPanel" */ = {
			isa = XCConfigurationList;
			buildConfigurations = (
				ADF0A8272BA81C62007D3563 /* Debug */,
				ADF0A8282BA81C62007D3563 /* Release */,
			);
			defaultConfigurationIsVisible = 0;
			defaultConfigurationName = Release;
		};
/* End XCConfigurationList section */
	};
	rootObject = ADF0A80C2BA81C61007D3563 /* Project object */;
}
